
Microsoft Visual Studio Solution File, Format Version 12.00
# Visual Studio Version 16
VisualStudioVersion = 16.0.31624.102
MinimumVisualStudioVersion = 10.0.40219.1
Project("{9A19103F-16F7-4668-BE54-9A1E7A4F7556}") = "Hotel.Tests", "Hotel.Tests\Hotel.Tests.csproj", "{694DE273-7352-481D-B5FD-52BD144F55D2}"
EndProject
Project("{FAE04EC0-301F-11D3-BF4B-00C04F79EFBC}") = "Hotels", "Hotels\Hotels.csproj", "{23937A88-8EC8-4288-A1E6-E6CA56A92270}"
EndProject
Global
	GlobalSection(SolutionConfigurationPlatforms) = preSolution
		Debug|Any CPU = Debug|Any CPU
		Release|Any CPU = Release|Any CPU
	EndGlobalSection
	GlobalSection(ProjectConfigurationPlatforms) = postSolution
		{694DE273-7352-481D-B5FD-52BD144F55D2}.Debug|Any CPU.ActiveCfg = Debug|Any CPU
		{694DE273-7352-481D-B5FD-52BD144F55D2}.Debug|Any CPU.Build.0 = Debug|Any CPU
		{694DE273-7352-481D-B5FD-52BD144F55D2}.Release|Any CPU.ActiveCfg = Release|Any CPU
		{694DE273-7352-481D-B5FD-52BD144F55D2}.Release|Any CPU.Build.0 = Release|Any CPU
		{23937A88-8EC8-4288-A1E6-E6CA56A92270}.Debug|Any CPU.ActiveCfg = Debug|Any CPU
		{23937A88-8EC8-4288-A1E6-E6CA56A92270}.Debug|Any CPU.Build.0 = Debug|Any CPU
		{23937A88-8EC8-4288-A1E6-E6CA56A92270}.Release|Any CPU.ActiveCfg = Release|Any CPU
		{23937A88-8EC8-4288-A1E6-E6CA56A92270}.Release|Any CPU.Build.0 = Release|Any CPU
	EndGlobalSection
	GlobalSection(SolutionProperties) = preSolution
		HideSolutionNode = FALSE
	EndGlobalSection
	GlobalSection(ExtensibilityGlobals) = postSolution
		SolutionGuid = {DFBC85F1-88AD-483D-8207-0A44685B73B7}
	EndGlobalSection
EndGlobal
